# This file is automatically @generated by Cargo.
# It is not intended for manual editing.
[[package]]
name = "arrayvec"
version = "0.5.2"
source = "registry+https://github.com/rust-lang/crates.io-index"
checksum = "23b62fc65de8e4e7f52534fb52b0f3ed04746ae267519eef2a83941e8085068b"

[[package]]
name = "linked_list_allocator"
version = "0.9.0"
source = "registry+https://github.com/rust-lang/crates.io-index"
checksum = "d0b725207570aa16096962d0b20c79f8a543df2280bd3c903022b9b0b4d7ea68"

[[package]]
name = "logpacket"
version = "0.1.0"
source = "git+https://github.com/aarch64-switch-rs/logpacket#d807c993fb4578e3809d91e3484c7d97f59eb3db"

[[package]]
name = "nx"
version = "0.1.0"
dependencies = [
 "arrayvec",
 "linked_list_allocator",
 "logpacket",
 "paste",
]

[[package]]
name = "paste"
version = "1.0.5"
source = "registry+https://github.com/rust-lang/crates.io-index"
checksum = "acbf547ad0c65e31259204bd90935776d1c693cec2f4ff7abb7a1bbbd40dfe58"
